// !$*UTF8*$!
{
	archiveVersion = 1;
	classes = {
	};
	objectVersion = 50;
	objects = {

/* Begin PBXBuildFile section */
		011801C820B4B459004E4632 /* AppDelegate.swift in Sources */ = {isa = PBXBuildFile; fileRef = 011801C720B4B459004E4632 /* AppDelegate.swift */; };
		011801CA20B4B459004E4632 /* ViewController.swift in Sources */ = {isa = PBXBuildFile; fileRef = 011801C920B4B459004E4632 /* ViewController.swift */; };
		011801CD20B4B459004E4632 /* Main.storyboard in Resources */ = {isa = PBXBuildFile; fileRef = 011801CB20B4B459004E4632 /* Main.storyboard */; };
		011801CF20B4B45B004E4632 /* Assets.xcassets in Resources */ = {isa = PBXBuildFile; fileRef = 011801CE20B4B45B004E4632 /* Assets.xcassets */; };
		011801D220B4B45B004E4632 /* LaunchScreen.storyboard in Resources */ = {isa = PBXBuildFile; fileRef = 011801D020B4B45B004E4632 /* LaunchScreen.storyboard */; };
		011801DD20B4B45B004E4632 /* ThanosTests.swift in Sources */ = {isa = PBXBuildFile; fileRef = 011801DC20B4B45B004E4632 /* ThanosTests.swift */; };
		011801E820B4B45B004E4632 /* ThanosUITests.swift in Sources */ = {isa = PBXBuildFile; fileRef = 011801E720B4B45B004E4632 /* ThanosUITests.swift */; };
/* End PBXBuildFile section */

/* Begin PBXContainerItemProxy section */
		011801D920B4B45B004E4632 /* PBXContainerItemProxy */ = {
			isa = PBXContainerItemProxy;
			containerPortal = 011801BC20B4B459004E4632 /* Project object */;
			proxyType = 1;
			remoteGlobalIDString = 011801C320B4B459004E4632;
			remoteInfo = Thanos;
		};
		011801E420B4B45B004E4632 /* PBXContainerItemProxy */ = {
			isa = PBXContainerItemProxy;
			containerPortal = 011801BC20B4B459004E4632 /* Project object */;
			proxyType = 1;
			remoteGlobalIDString = 011801C320B4B459004E4632;
			remoteInfo = Thanos;
		};
/* End PBXContainerItemProxy section */

/* Begin PBXFileReference section */
		011801C420B4B459004E4632 /* Thanos.app */ = {isa = PBXFileReference; explicitFileType = wrapper.application; includeInIndex = 0; path = Thanos.app; sourceTree = BUILT_PRODUCTS_DIR; };
		011801C720B4B459004E4632 /* AppDelegate.swift */ = {isa = PBXFileReference; lastKnownFileType = sourcecode.swift; path = AppDelegate.swift; sourceTree = "<group>"; };
		011801C920B4B459004E4632 /* ViewController.swift */ = {isa = PBXFileReference; lastKnownFileType = sourcecode.swift; path = ViewController.swift; sourceTree = "<group>"; };
		011801CC20B4B459004E4632 /* Base */ = {isa = PBXFileReference; lastKnownFileType = file.storyboard; name = Base; path = Base.lproj/Main.storyboard; sourceTree = "<group>"; };
		011801CE20B4B45B004E4632 /* Assets.xcassets */ = {isa = PBXFileReference; lastKnownFileType = folder.assetcatalog; path = Assets.xcassets; sourceTree = "<group>"; };
		011801D120B4B45B004E4632 /* Base */ = {isa = PBXFileReference; lastKnownFileType = file.storyboard; name = Base; path = Base.lproj/LaunchScreen.storyboard; sourceTree = "<group>"; };
		011801D320B4B45B004E4632 /* Info.plist */ = {isa = PBXFileReference; lastKnownFileType = text.plist.xml; path = Info.plist; sourceTree = "<group>"; };
		011801D820B4B45B004E4632 /* ThanosTests.xctest */ = {isa = PBXFileReference; explicitFileType = wrapper.cfbundle; includeInIndex = 0; path = ThanosTests.xctest; sourceTree = BUILT_PRODUCTS_DIR; };
		011801DC20B4B45B004E4632 /* ThanosTests.swift */ = {isa = PBXFileReference; lastKnownFileType = sourcecode.swift; path = ThanosTests.swift; sourceTree = "<group>"; };
		011801DE20B4B45B004E4632 /* Info.plist */ = {isa = PBXFileReference; lastKnownFileType = text.plist.xml; path = Info.plist; sourceTree = "<group>"; };
		011801E320B4B45B004E4632 /* ThanosUITests.xctest */ = {isa = PBXFileReference; explicitFileType = wrapper.cfbundle; includeInIndex = 0; path = ThanosUITests.xctest; sourceTree = BUILT_PRODUCTS_DIR; };
		011801E720B4B45B004E4632 /* ThanosUITests.swift */ = {isa = PBXFileReference; lastKnownFileType = sourcecode.swift; path = ThanosUITests.swift; sourceTree = "<group>"; };
		011801E920B4B45B004E4632 /* Info.plist */ = {isa = PBXFileReference; lastKnownFileType = text.plist.xml; path = Info.plist; sourceTree = "<group>"; };
/* End PBXFileReference section */

/* Begin PBXFrameworksBuildPhase section */
		011801C120B4B459004E4632 /* Frameworks */ = {
			isa = PBXFrameworksBuildPhase;
			buildActionMask = 2147483647;
			files = (
			);
			runOnlyForDeploymentPostprocessing = 0;
		};
		011801D520B4B45B004E4632 /* Frameworks */ = {
			isa = PBXFrameworksBuildPhase;
			buildActionMask = 2147483647;
			files = (
			);
			runOnlyForDeploymentPostprocessing = 0;
		};
		011801E020B4B45B004E4632 /* Frameworks */ = {
			isa = PBXFrameworksBuildPhase;
			buildActionMask = 2147483647;
			files = (
			);
			runOnlyForDeploymentPostprocessing = 0;
		};
/* End PBXFrameworksBuildPhase section */

/* Begin PBXGroup section */
		011801BB20B4B459004E4632 = {
			isa = PBXGroup;
			children = (
				011801C620B4B459004E4632 /* Thanos */,
				011801DB20B4B45B004E4632 /* ThanosTests */,
				011801E620B4B45B004E4632 /* ThanosUITests */,
				011801C520B4B459004E4632 /* Products */,
			);
			sourceTree = "<group>";
		};
		011801C520B4B459004E4632 /* Products */ = {
			isa = PBXGroup;
			children = (
				011801C420B4B459004E4632 /* Thanos.app */,
				011801D820B4B45B004E4632 /* ThanosTests.xctest */,
				011801E320B4B45B004E4632 /* ThanosUITests.xctest */,
			);
			name = Products;
			sourceTree = "<group>";
		};
		011801C620B4B459004E4632 /* Thanos */ = {
			isa = PBXGroup;
			children = (
				011801C720B4B459004E4632 /* AppDelegate.swift */,
				011801C920B4B459004E4632 /* ViewController.swift */,
				011801CB20B4B459004E4632 /* Main.storyboard */,
				011801CE20B4B45B004E4632 /* Assets.xcassets */,
				011801D020B4B45B004E4632 /* LaunchScreen.storyboard */,
				011801D320B4B45B004E4632 /* Info.plist */,
			);
			path = Thanos;
			sourceTree = "<group>";
		};
		011801DB20B4B45B004E4632 /* ThanosTests */ = {
			isa = PBXGroup;
			children = (
				011801DC20B4B45B004E4632 /* ThanosTests.swift */,
				011801DE20B4B45B004E4632 /* Info.plist */,
			);
			path = ThanosTests;
			sourceTree = "<group>";
		};
		011801E620B4B45B004E4632 /* ThanosUITests */ = {
			isa = PBXGroup;
			children = (
				011801E720B4B45B004E4632 /* ThanosUITests.swift */,
				011801E920B4B45B004E4632 /* Info.plist */,
			);
			path = ThanosUITests;
			sourceTree = "<group>";
		};
/* End PBXGroup section */

/* Begin PBXNativeTarget section */
		011801C320B4B459004E4632 /* Thanos */ = {
			isa = PBXNativeTarget;
			buildConfigurationList = 011801EC20B4B45B004E4632 /* Build configuration list for PBXNativeTarget "Thanos" */;
			buildPhases = (
				011801C020B4B459004E4632 /* Sources */,
				011801C120B4B459004E4632 /* Frameworks */,
				011801C220B4B459004E4632 /* Resources */,
			);
			buildRules = (
			);
			dependencies = (
			);
			name = Thanos;
			productName = Thanos;
			productReference = 011801C420B4B459004E4632 /* Thanos.app */;
			productType = "com.apple.product-type.application";
		};
		011801D720B4B45B004E4632 /* ThanosTests */ = {
			isa = PBXNativeTarget;
			buildConfigurationList = 011801EF20B4B45B004E4632 /* Build configuration list for PBXNativeTarget "ThanosTests" */;
			buildPhases = (
				011801D420B4B45B004E4632 /* Sources */,
				011801D520B4B45B004E4632 /* Frameworks */,
				011801D620B4B45B004E4632 /* Resources */,
			);
			buildRules = (
			);
			dependencies = (
				011801DA20B4B45B004E4632 /* PBXTargetDependency */,
			);
			name = ThanosTests;
			productName = ThanosTests;
			productReference = 011801D820B4B45B004E4632 /* ThanosTests.xctest */;
			productType = "com.apple.product-type.bundle.unit-test";
		};
		011801E220B4B45B004E4632 /* ThanosUITests */ = {
			isa = PBXNativeTarget;
			buildConfigurationList = 011801F220B4B45B004E4632 /* Build configuration list for PBXNativeTarget "ThanosUITests" */;
			buildPhases = (
				011801DF20B4B45B004E4632 /* Sources */,
				011801E020B4B45B004E4632 /* Frameworks */,
				011801E120B4B45B004E4632 /* Resources */,
			);
			buildRules = (
			);
			dependencies = (
				011801E520B4B45B004E4632 /* PBXTargetDependency */,
			);
			name = ThanosUITests;
			productName = ThanosUITests;
			productReference = 011801E320B4B45B004E4632 /* ThanosUITests.xctest */;
			productType = "com.apple.product-type.bundle.ui-testing";
		};
/* End PBXNativeTarget section */

/* Begin PBXProject section */
		011801BC20B4B459004E4632 /* Project object */ = {
			isa = PBXProject;
			attributes = {
				LastSwiftUpdateCheck = 0930;
				LastUpgradeCheck = 0930;
				ORGANIZATIONNAME = "Richard Frank";
				TargetAttributes = {
					011801C320B4B459004E4632 = {
						CreatedOnToolsVersion = 9.3.1;
					};
					011801D720B4B45B004E4632 = {
						CreatedOnToolsVersion = 9.3.1;
						TestTargetID = 011801C320B4B459004E4632;
					};
					011801E220B4B45B004E4632 = {
						CreatedOnToolsVersion = 9.3.1;
						TestTargetID = 011801C320B4B459004E4632;
					};
				};
			};
			buildConfigurationList = 011801BF20B4B459004E4632 /* Build configuration list for PBXProject "Thanos" */;
			compatibilityVersion = "Xcode 9.3";
			developmentRegion = en;
			hasScannedForEncodings = 0;
			knownRegions = (
				en,
				Base,
			);
			mainGroup = 011801BB20B4B459004E4632;
			productRefGroup = 011801C520B4B459004E4632 /* Products */;
			projectDirPath = "";
			projectRoot = "";
			targets = (
				011801C320B4B459004E4632 /* Thanos */,
				011801D720B4B45B004E4632 /* ThanosTests */,
				011801E220B4B45B004E4632 /* ThanosUITests */,
			);
		};
/* End PBXProject section */

/* Begin PBXResourcesBuildPhase section */
		011801C220B4B459004E4632 /* Resources */ = {
			isa = PBXResourcesBuildPhase;
			buildActionMask = 2147483647;
			files = (
				011801D220B4B45B004E4632 /* LaunchScreen.storyboard in Resources */,
				011801CF20B4B45B004E4632 /* Assets.xcassets in Resources */,
				011801CD20B4B459004E4632 /* Main.storyboard in Resources */,
			);
			runOnlyForDeploymentPostprocessing = 0;
		};
		011801D620B4B45B004E4632 /* Resources */ = {
			isa = PBXResourcesBuildPhase;
			buildActionMask = 2147483647;
			files = (
			);
			runOnlyForDeploymentPostprocessing = 0;
		};
		011801E120B4B45B004E4632 /* Resources */ = {
			isa = PBXResourcesBuildPhase;
			buildActionMask = 2147483647;
			files = (
			);
			runOnlyForDeploymentPostprocessing = 0;
		};
/* End PBXResourcesBuildPhase section */

/* Begin PBXSourcesBuildPhase section */
		011801C020B4B459004E4632 /* Sources */ = {
			isa = PBXSourcesBuildPhase;
			buildActionMask = 2147483647;
			files = (
				011801CA20B4B459004E4632 /* ViewController.swift in Sources */,
				011801C820B4B459004E4632 /* AppDelegate.swift in Sources */,
			);
			runOnlyForDeploymentPostprocessing = 0;
		};
		011801D420B4B45B004E4632 /* Sources */ = {
			isa = PBXSourcesBuildPhase;
			buildActionMask = 2147483647;
			files = (
				011801DD20B4B45B004E4632 /* ThanosTests.swift in Sources */,
			);
			runOnlyForDeploymentPostprocessing = 0;
		};
		011801DF20B4B45B004E4632 /* Sources */ = {
			isa = PBXSourcesBuildPhase;
			buildActionMask = 2147483647;
			files = (
				011801E820B4B45B004E4632 /* ThanosUITests.swift in Sources */,
			);
			runOnlyForDeploymentPostprocessing = 0;
		};
/* End PBXSourcesBuildPhase section */

/* Begin PBXTargetDependency section */
		011801DA20B4B45B004E4632 /* PBXTargetDependency */ = {
			isa = PBXTargetDependency;
			target = 011801C320B4B459004E4632 /* Thanos */;
			targetProxy = 011801D920B4B45B004E4632 /* PBXContainerItemProxy */;
		};
		011801E520B4B45B004E4632 /* PBXTargetDependency */ = {
			isa = PBXTargetDependency;
			target = 011801C320B4B459004E4632 /* Thanos */;
			targetProxy = 011801E420B4B45B004E4632 /* PBXContainerItemProxy */;
		};
/* End PBXTargetDependency section */

/* Begin PBXVariantGroup section */
		011801CB20B4B459004E4632 /* Main.storyboard */ = {
			isa = PBXVariantGroup;
			children = (
				011801CC20B4B459004E4632 /* Base */,
			);
			name = Main.storyboard;
			sourceTree = "<group>";
		};
		011801D020B4B45B004E4632 /* LaunchScreen.storyboard */ = {
			isa = PBXVariantGroup;
			children = (
				011801D120B4B45B004E4632 /* Base */,
			);
			name = LaunchScreen.storyboard;
			sourceTree = "<group>";
		};
/* End PBXVariantGroup section */

/* Begin XCBuildConfiguration section */
		011801EA20B4B45B004E4632 /* Debug */ = {
			isa = XCBuildConfiguration;
			buildSettings = {
				ALWAYS_SEARCH_USER_PATHS = NO;
				CLANG_ANALYZER_NONNULL = YES;
				CLANG_ANALYZER_NUMBER_OBJECT_CONVERSION = YES_AGGRESSIVE;
				CLANG_CXX_LANGUAGE_STANDARD = "gnu++14";
				CLANG_CXX_LIBRARY = "libc++";
				CLANG_ENABLE_MODULES = YES;
				CLANG_ENABLE_OBJC_ARC = YES;
				CLANG_ENABLE_OBJC_WEAK = YES;
				CLANG_WARN_BLOCK_CAPTURE_AUTORELEASING = YES;
				CLANG_WARN_BOOL_CONVERSION = YES;
				CLANG_WARN_COMMA = YES;
				CLANG_WARN_CONSTANT_CONVERSION = YES;
				CLANG_WARN_DEPRECATED_OBJC_IMPLEMENTATIONS = YES;
				CLANG_WARN_DIRECT_OBJC_ISA_USAGE = YES_ERROR;
				CLANG_WARN_DOCUMENTATION_COMMENTS = YES;
				CLANG_WARN_EMPTY_BODY = YES;
				CLANG_WARN_ENUM_CONVERSION = YES;
				CLANG_WARN_INFINITE_RECURSION = YES;
				CLANG_WARN_INT_CONVERSION = YES;
				CLANG_WARN_NON_LITERAL_NULL_CONVERSION = YES;
				CLANG_WARN_OBJC_IMPLICIT_RETAIN_SELF = YES;
				CLANG_WARN_OBJC_LITERAL_CONVERSION = YES;
				CLANG_WARN_OBJC_ROOT_CLASS = YES_ERROR;
				CLANG_WARN_RANGE_LOOP_ANALYSIS = YES;
				CLANG_WARN_STRICT_PROTOTYPES = YES;
				CLANG_WARN_SUSPICIOUS_MOVE = YES;
				CLANG_WARN_UNGUARDED_AVAILABILITY = YES_AGGRESSIVE;
				CLANG_WARN_UNREACHABLE_CODE = YES;
				CLANG_WARN__DUPLICATE_METHOD_MATCH = YES;
				CODE_SIGN_IDENTITY = "iPhone Developer";
				COPY_PHASE_STRIP = NO;
				DEBUG_INFORMATION_FORMAT = dwarf;
				ENABLE_STRICT_OBJC_MSGSEND = YES;
				ENABLE_TESTABILITY = YES;
				GCC_C_LANGUAGE_STANDARD = gnu11;
				GCC_DYNAMIC_NO_PIC = NO;
				GCC_NO_COMMON_BLOCKS = YES;
				GCC_OPTIMIZATION_LEVEL = 0;
				GCC_PREPROCESSOR_DEFINITIONS = (
					"DEBUG=1",
					"$(inherited)",
				);
				GCC_WARN_64_TO_32_BIT_CONVERSION = YES;
				GCC_WARN_ABOUT_RETURN_TYPE = YES_ERROR;
				GCC_WARN_UNDECLARED_SELECTOR = YES;
				GCC_WARN_UNINITIALIZED_AUTOS = YES_AGGRESSIVE;
				GCC_WARN_UNUSED_FUNCTION = YES;
				GCC_WARN_UNUSED_VARIABLE = YES;
				IPHONEOS_DEPLOYMENT_TARGET = 11.3;
				MTL_ENABLE_DEBUG_INFO = YES;
				ONLY_ACTIVE_ARCH = YES;
				SDKROOT = iphoneos;
				SWIFT_ACTIVE_COMPILATION_CONDITIONS = DEBUG;
				SWIFT_OPTIMIZATION_LEVEL = "-Onone";
			};
			name = Debug;
		};
		011801EB20B4B45B004E4632 /* Release */ = {
			isa = XCBuildConfiguration;
			buildSettings = {
				ALWAYS_SEARCH_USER_PATHS = NO;
				CLANG_ANALYZER_NONNULL = YES;
				CLANG_ANALYZER_NUMBER_OBJECT_CONVERSION = YES_AGGRESSIVE;
				CLANG_CXX_LANGUAGE_STANDARD = "gnu++14";
				CLANG_CXX_LIBRARY = "libc++";
				CLANG_ENABLE_MODULES = YES;
				CLANG_ENABLE_OBJC_ARC = YES;
				CLANG_ENABLE_OBJC_WEAK = YES;
				CLANG_WARN_BLOCK_CAPTURE_AUTORELEASING = YES;
				CLANG_WARN_BOOL_CONVERSION = YES;
				CLANG_WARN_COMMA = YES;
				CLANG_WARN_CONSTANT_CONVERSION = YES;
				CLANG_WARN_DEPRECATED_OBJC_IMPLEMENTATIONS = YES;
				CLANG_WARN_DIRECT_OBJC_ISA_USAGE = YES_ERROR;
				CLANG_WARN_DOCUMENTATION_COMMENTS = YES;
				CLANG_WARN_EMPTY_BODY = YES;
				CLANG_WARN_ENUM_CONVERSION = YES;
				CLANG_WARN_INFINITE_RECURSION = YES;
				CLANG_WARN_INT_CONVERSION = YES;
				CLANG_WARN_NON_LITERAL_NULL_CONVERSION = YES;
				CLANG_WARN_OBJC_IMPLICIT_RETAIN_SELF = YES;
				CLANG_WARN_OBJC_LITERAL_CONVERSION = YES;
				CLANG_WARN_OBJC_ROOT_CLASS = YES_ERROR;
				CLANG_WARN_RANGE_LOOP_ANALYSIS = YES;
				CLANG_WARN_STRICT_PROTOTYPES = YES;
				CLANG_WARN_SUSPICIOUS_MOVE = YES;
				CLANG_WARN_UNGUARDED_AVAILABILITY = YES_AGGRESSIVE;
				CLANG_WARN_UNREACHABLE_CODE = YES;
				CLANG_WARN__DUPLICATE_METHOD_MATCH = YES;
				CODE_SIGN_IDENTITY = "iPhone Developer";
				COPY_PHASE_STRIP = NO;
				DEBUG_INFORMATION_FORMAT = "dwarf-with-dsym";
				ENABLE_NS_ASSERTIONS = NO;
				ENABLE_STRICT_OBJC_MSGSEND = YES;
				GCC_C_LANGUAGE_STANDARD = gnu11;
				GCC_NO_COMMON_BLOCKS = YES;
				GCC_WARN_64_TO_32_BIT_CONVERSION = YES;
				GCC_WARN_ABOUT_RETURN_TYPE = YES_ERROR;
				GCC_WARN_UNDECLARED_SELECTOR = YES;
				GCC_WARN_UNINITIALIZED_AUTOS = YES_AGGRESSIVE;
				GCC_WARN_UNUSED_FUNCTION = YES;
				GCC_WARN_UNUSED_VARIABLE = YES;
				IPHONEOS_DEPLOYMENT_TARGET = 11.3;
				MTL_ENABLE_DEBUG_INFO = NO;
				SDKROOT = iphoneos;
				SWIFT_COMPILATION_MODE = wholemodule;
				SWIFT_OPTIMIZATION_LEVEL = "-O";
				VALIDATE_PRODUCT = YES;
			};
			name = Release;
		};
		011801ED20B4B45B004E4632 /* Debug */ = {
			isa = XCBuildConfiguration;
			buildSettings = {
				ASSETCATALOG_COMPILER_APPICON_NAME = AppIcon;
				CODE_SIGN_STYLE = Automatic;
				DEVELOPMENT_TEAM = FHWP9WUJMV;
				INFOPLIST_FILE = Thanos/Info.plist;
				LD_RUNPATH_SEARCH_PATHS = (
					"$(inherited)",
					"@executable_path/Frameworks",
				);
				PRODUCT_BUNDLE_IDENTIFIER = com.richardfrk.Thanos;
				PRODUCT_NAME = "$(TARGET_NAME)";
				SWIFT_VERSION = 4.0;
				TARGETED_DEVICE_FAMILY = "1,2";
			};
			name = Debug;
		};
		011801EE20B4B45B004E4632 /* Release */ = {
			isa = XCBuildConfiguration;
			buildSettings = {
				ASSETCATALOG_COMPILER_APPICON_NAME = AppIcon;
				CODE_SIGN_STYLE = Automatic;
				DEVELOPMENT_TEAM = FHWP9WUJMV;
				INFOPLIST_FILE = Thanos/Info.plist;
				LD_RUNPATH_SEARCH_PATHS = (
					"$(inherited)",
					"@executable_path/Frameworks",
				);
				PRODUCT_BUNDLE_IDENTIFIER = com.richardfrk.Thanos;
				PRODUCT_NAME = "$(TARGET_NAME)";
				SWIFT_VERSION = 4.0;
				TARGETED_DEVICE_FAMILY = "1,2";
			};
			name = Release;
		};
		011801F020B4B45B004E4632 /* Debug */ = {
			isa = XCBuildConfiguration;
			buildSettings = {
				ALWAYS_EMBED_SWIFT_STANDARD_LIBRARIES = YES;
				BUNDLE_LOADER = "$(TEST_HOST)";
				CODE_SIGN_STYLE = Automatic;
				DEVELOPMENT_TEAM = FHWP9WUJMV;
				INFOPLIST_FILE = ThanosTests/Info.plist;
				LD_RUNPATH_SEARCH_PATHS = (
					"$(inherited)",
					"@executable_path/Frameworks",
					"@loader_path/Frameworks",
				);
				PRODUCT_BUNDLE_IDENTIFIER = com.richardfrk.ThanosTests;
				PRODUCT_NAME = "$(TARGET_NAME)";
				SWIFT_VERSION = 4.0;
				TARGETED_DEVICE_FAMILY = "1,2";
				TEST_HOST = "$(BUILT_PRODUCTS_DIR)/Thanos.app/Thanos";
			};
			name = Debug;
		};
		011801F120B4B45B004E4632 /* Release */ = {
			isa = XCBuildConfiguration;
			buildSettings = {
				ALWAYS_EMBED_SWIFT_STANDARD_LIBRARIES = YES;
				BUNDLE_LOADER = "$(TEST_HOST)";
				CODE_SIGN_STYLE = Automatic;
				DEVELOPMENT_TEAM = FHWP9WUJMV;
				INFOPLIST_FILE = ThanosTests/Info.plist;
				LD_RUNPATH_SEARCH_PATHS = (
					"$(inherited)",
					"@executable_path/Frameworks",
					"@loader_path/Frameworks",
				);
				PRODUCT_BUNDLE_IDENTIFIER = com.richardfrk.ThanosTests;
				PRODUCT_NAME = "$(TARGET_NAME)";
				SWIFT_VERSION = 4.0;
				TARGETED_DEVICE_FAMILY = "1,2";
				TEST_HOST = "$(BUILT_PRODUCTS_DIR)/Thanos.app/Thanos";
			};
			name = Release;
		};
		011801F320B4B45B004E4632 /* Debug */ = {
			isa = XCBuildConfiguration;
			buildSettings = {
				ALWAYS_EMBED_SWIFT_STANDARD_LIBRARIES = YES;
				CODE_SIGN_STYLE = Automatic;
				DEVELOPMENT_TEAM = FHWP9WUJMV;
				INFOPLIST_FILE = ThanosUITests/Info.plist;
				LD_RUNPATH_SEARCH_PATHS = (
					"$(inherited)",
					"@executable_path/Frameworks",
					"@loader_path/Frameworks",
				);
				PRODUCT_BUNDLE_IDENTIFIER = com.richardfrk.ThanosUITests;
				PRODUCT_NAME = "$(TARGET_NAME)";
				SWIFT_VERSION = 4.0;
				TARGETED_DEVICE_FAMILY = "1,2";
				TEST_TARGET_NAME = Thanos;
			};
			name = Debug;
		};
		011801F420B4B45B004E4632 /* Release */ = {
			isa = XCBuildConfiguration;
			buildSettings = {
				ALWAYS_EMBED_SWIFT_STANDARD_LIBRARIES = YES;
				CODE_SIGN_STYLE = Automatic;
				DEVELOPMENT_TEAM = FHWP9WUJMV;
				INFOPLIST_FILE = ThanosUITests/Info.plist;
				LD_RUNPATH_SEARCH_PATHS = (
					"$(inherited)",
					"@executable_path/Frameworks",
					"@loader_path/Frameworks",
				);
				PRODUCT_BUNDLE_IDENTIFIER = com.richardfrk.ThanosUITests;
				PRODUCT_NAME = "$(TARGET_NAME)";
				SWIFT_VERSION = 4.0;
				TARGETED_DEVICE_FAMILY = "1,2";
				TEST_TARGET_NAME = Thanos;
			};
			name = Release;
		};
/* End XCBuildConfiguration section */

/* Begin XCConfigurationList section */
		011801BF20B4B459004E4632 /* Build configuration list for PBXProject "Thanos" */ = {
			isa = XCConfigurationList;
			buildConfigurations = (
				011801EA20B4B45B004E4632 /* Debug */,
				011801EB20B4B45B004E4632 /* Release */,
			);
			defaultConfigurationIsVisible = 0;
			defaultConfigurationName = Release;
		};
		011801EC20B4B45B004E4632 /* Build configuration list for PBXNativeTarget "Thanos" */ = {
			isa = XCConfigurationList;
			buildConfigurations = (
				011801ED20B4B45B004E4632 /* Debug */,
				011801EE20B4B45B004E4632 /* Release */,
			);
			defaultConfigurationIsVisible = 0;
			defaultConfigurationName = Release;
		};
		011801EF20B4B45B004E4632 /* Build configuration list for PBXNativeTarget "ThanosTests" */ = {
			isa = XCConfigurationList;
			buildConfigurations = (
				011801F020B4B45B004E4632 /* Debug */,
				011801F120B4B45B004E4632 /* Release */,
			);
			defaultConfigurationIsVisible = 0;
			defaultConfigurationName = Release;
		};
		011801F220B4B45B004E4632 /* Build configuration list for PBXNativeTarget "ThanosUITests" */ = {
			isa = XCConfigurationList;
			buildConfigurations = (
				011801F320B4B45B004E4632 /* Debug */,
				011801F420B4B45B004E4632 /* Release */,
			);
			defaultConfigurationIsVisible = 0;
			defaultConfigurationName = Release;
		};
/* End XCConfigurationList section */
	};
	rootObject = 011801BC20B4B459004E4632 /* Project object */;
}
