// !$*UTF8*$!
{
	archiveVersion = 1;
	classes = {
	};
	objectVersion = 50;
	objects = {

/* Begin PBXBuildFile section */
		011801C820B4B459004E4632 /* AppDelegate.swift in Sources */ = {isa = PBXBuildFile; fileRef = 011801C720B4B459004E4632 /* AppDelegate.swift */; };
		011801CD20B4B459004E4632 /* Main.storyboard in Resources */ = {isa = PBXBuildFile; fileRef = 011801CB20B4B459004E4632 /* Main.storyboard */; };
		011801CF20B4B45B004E4632 /* Assets.xcassets in Resources */ = {isa = PBXBuildFile; fileRef = 011801CE20B4B45B004E4632 /* Assets.xcassets */; };
		011801D220B4B45B004E4632 /* LaunchScreen.storyboard in Resources */ = {isa = PBXBuildFile; fileRef = 011801D020B4B45B004E4632 /* LaunchScreen.storyboard */; };
		011801DD20B4B45B004E4632 /* ThanosTests.swift in Sources */ = {isa = PBXBuildFile; fileRef = 011801DC20B4B45B004E4632 /* ThanosTests.swift */; };
		011801E820B4B45B004E4632 /* ThanosUITests.swift in Sources */ = {isa = PBXBuildFile; fileRef = 011801E720B4B45B004E4632 /* ThanosUITests.swift */; };
		01E6779E20B4BFDE004089CB /* THMarvelAPI.swift in Sources */ = {isa = PBXBuildFile; fileRef = 01E6779D20B4BFDE004089CB /* THMarvelAPI.swift */; };
		01E677A420B4E2BF004089CB /* THHomeViewController.swift in Sources */ = {isa = PBXBuildFile; fileRef = 01E677A320B4E2BF004089CB /* THHomeViewController.swift */; };
		01E677A620B4E3FA004089CB /* THHomeViewModel.swift in Sources */ = {isa = PBXBuildFile; fileRef = 01E677A520B4E3FA004089CB /* THHomeViewModel.swift */; };
		01E677A820B4E917004089CB /* THResponse.swift in Sources */ = {isa = PBXBuildFile; fileRef = 01E677A720B4E917004089CB /* THResponse.swift */; };
		01E677B220B51F27004089CB /* THCollectionFlowLayout.swift in Sources */ = {isa = PBXBuildFile; fileRef = 01E677B120B51F27004089CB /* THCollectionFlowLayout.swift */; };
		01E677B520B51FF4004089CB /* THCollectionViewCell.swift in Sources */ = {isa = PBXBuildFile; fileRef = 01E677B420B51FF4004089CB /* THCollectionViewCell.swift */; };
		01E677B820B52095004089CB /* THCustomView.swift in Sources */ = {isa = PBXBuildFile; fileRef = 01E677B720B52095004089CB /* THCustomView.swift */; };
		01E677BA20B520A3004089CB /* THCustomView.xib in Resources */ = {isa = PBXBuildFile; fileRef = 01E677B920B520A3004089CB /* THCustomView.xib */; };
		01E677BE20B52B5D004089CB /* UIView+Extensions.swift in Sources */ = {isa = PBXBuildFile; fileRef = 01E677BD20B52B5D004089CB /* UIView+Extensions.swift */; };
		01E677C020B5DF1A004089CB /* THCollectionViewController.swift in Sources */ = {isa = PBXBuildFile; fileRef = 01E677BF20B5DF1A004089CB /* THCollectionViewController.swift */; };
		01E677C220B5E019004089CB /* THDetailViewController.swift in Sources */ = {isa = PBXBuildFile; fileRef = 01E677C120B5E019004089CB /* THDetailViewController.swift */; };
		01E677C420B5E79A004089CB /* THTableViewController.swift in Sources */ = {isa = PBXBuildFile; fileRef = 01E677C320B5E79A004089CB /* THTableViewController.swift */; };
		01E677C620B5E843004089CB /* THTableViewCell.swift in Sources */ = {isa = PBXBuildFile; fileRef = 01E677C520B5E843004089CB /* THTableViewCell.swift */; };
		01E677C820B5E97B004089CB /* THDetailViewModel.swift in Sources */ = {isa = PBXBuildFile; fileRef = 01E677C720B5E97B004089CB /* THDetailViewModel.swift */; };
		2AD80B1F91A37D76CA58120C /* Pods_ThanosTests.framework in Frameworks */ = {isa = PBXBuildFile; fileRef = 8E197E81E055A2B1E5A17568 /* Pods_ThanosTests.framework */; };
		7528EDD4885D3673FEB5A7D7 /* Pods_Thanos.framework in Frameworks */ = {isa = PBXBuildFile; fileRef = 5DF04F9BF62530F803D77657 /* Pods_Thanos.framework */; };
		BDD16DA99E7766204F00BF5B /* Pods_ThanosUITests.framework in Frameworks */ = {isa = PBXBuildFile; fileRef = 52197C6AD7A91FBD6AD1926A /* Pods_ThanosUITests.framework */; };
/* End PBXBuildFile section */

/* Begin PBXContainerItemProxy section */
		011801D920B4B45B004E4632 /* PBXContainerItemProxy */ = {
			isa = PBXContainerItemProxy;
			containerPortal = 011801BC20B4B459004E4632 /* Project object */;
			proxyType = 1;
			remoteGlobalIDString = 011801C320B4B459004E4632;
			remoteInfo = Thanos;
		};
		011801E420B4B45B004E4632 /* PBXContainerItemProxy */ = {
			isa = PBXContainerItemProxy;
			containerPortal = 011801BC20B4B459004E4632 /* Project object */;
			proxyType = 1;
			remoteGlobalIDString = 011801C320B4B459004E4632;
			remoteInfo = Thanos;
		};
/* End PBXContainerItemProxy section */

/* Begin PBXFileReference section */
		011801C420B4B459004E4632 /* Thanos.app */ = {isa = PBXFileReference; explicitFileType = wrapper.application; includeInIndex = 0; path = Thanos.app; sourceTree = BUILT_PRODUCTS_DIR; };
		011801C720B4B459004E4632 /* AppDelegate.swift */ = {isa = PBXFileReference; lastKnownFileType = sourcecode.swift; path = AppDelegate.swift; sourceTree = "<group>"; };
		011801CC20B4B459004E4632 /* Base */ = {isa = PBXFileReference; lastKnownFileType = file.storyboard; name = Base; path = Base.lproj/Main.storyboard; sourceTree = "<group>"; };
		011801CE20B4B45B004E4632 /* Assets.xcassets */ = {isa = PBXFileReference; lastKnownFileType = folder.assetcatalog; path = Assets.xcassets; sourceTree = "<group>"; };
		011801D120B4B45B004E4632 /* Base */ = {isa = PBXFileReference; lastKnownFileType = file.storyboard; name = Base; path = Base.lproj/LaunchScreen.storyboard; sourceTree = "<group>"; };
		011801D320B4B45B004E4632 /* Info.plist */ = {isa = PBXFileReference; lastKnownFileType = text.plist.xml; path = Info.plist; sourceTree = "<group>"; };
		011801D820B4B45B004E4632 /* ThanosTests.xctest */ = {isa = PBXFileReference; explicitFileType = wrapper.cfbundle; includeInIndex = 0; path = ThanosTests.xctest; sourceTree = BUILT_PRODUCTS_DIR; };
		011801DC20B4B45B004E4632 /* ThanosTests.swift */ = {isa = PBXFileReference; lastKnownFileType = sourcecode.swift; path = ThanosTests.swift; sourceTree = "<group>"; };
		011801DE20B4B45B004E4632 /* Info.plist */ = {isa = PBXFileReference; lastKnownFileType = text.plist.xml; path = Info.plist; sourceTree = "<group>"; };
		011801E320B4B45B004E4632 /* ThanosUITests.xctest */ = {isa = PBXFileReference; explicitFileType = wrapper.cfbundle; includeInIndex = 0; path = ThanosUITests.xctest; sourceTree = BUILT_PRODUCTS_DIR; };
		011801E720B4B45B004E4632 /* ThanosUITests.swift */ = {isa = PBXFileReference; lastKnownFileType = sourcecode.swift; path = ThanosUITests.swift; sourceTree = "<group>"; };
		011801E920B4B45B004E4632 /* Info.plist */ = {isa = PBXFileReference; lastKnownFileType = text.plist.xml; path = Info.plist; sourceTree = "<group>"; };
		01E6779D20B4BFDE004089CB /* THMarvelAPI.swift */ = {isa = PBXFileReference; lastKnownFileType = sourcecode.swift; path = THMarvelAPI.swift; sourceTree = "<group>"; };
		01E677A320B4E2BF004089CB /* THHomeViewController.swift */ = {isa = PBXFileReference; lastKnownFileType = sourcecode.swift; path = THHomeViewController.swift; sourceTree = "<group>"; };
		01E677A520B4E3FA004089CB /* THHomeViewModel.swift */ = {isa = PBXFileReference; lastKnownFileType = sourcecode.swift; path = THHomeViewModel.swift; sourceTree = "<group>"; };
		01E677A720B4E917004089CB /* THResponse.swift */ = {isa = PBXFileReference; lastKnownFileType = sourcecode.swift; path = THResponse.swift; sourceTree = "<group>"; };
		01E677B120B51F27004089CB /* THCollectionFlowLayout.swift */ = {isa = PBXFileReference; lastKnownFileType = sourcecode.swift; path = THCollectionFlowLayout.swift; sourceTree = "<group>"; };
		01E677B420B51FF4004089CB /* THCollectionViewCell.swift */ = {isa = PBXFileReference; lastKnownFileType = sourcecode.swift; path = THCollectionViewCell.swift; sourceTree = "<group>"; };
		01E677B720B52095004089CB /* THCustomView.swift */ = {isa = PBXFileReference; lastKnownFileType = sourcecode.swift; path = THCustomView.swift; sourceTree = "<group>"; };
		01E677B920B520A3004089CB /* THCustomView.xib */ = {isa = PBXFileReference; lastKnownFileType = file.xib; path = THCustomView.xib; sourceTree = "<group>"; };
		01E677BD20B52B5D004089CB /* UIView+Extensions.swift */ = {isa = PBXFileReference; lastKnownFileType = sourcecode.swift; path = "UIView+Extensions.swift"; sourceTree = "<group>"; };
		01E677BF20B5DF1A004089CB /* THCollectionViewController.swift */ = {isa = PBXFileReference; lastKnownFileType = sourcecode.swift; path = THCollectionViewController.swift; sourceTree = "<group>"; };
		01E677C120B5E019004089CB /* THDetailViewController.swift */ = {isa = PBXFileReference; lastKnownFileType = sourcecode.swift; path = THDetailViewController.swift; sourceTree = "<group>"; };
		01E677C320B5E79A004089CB /* THTableViewController.swift */ = {isa = PBXFileReference; lastKnownFileType = sourcecode.swift; path = THTableViewController.swift; sourceTree = "<group>"; };
		01E677C520B5E843004089CB /* THTableViewCell.swift */ = {isa = PBXFileReference; lastKnownFileType = sourcecode.swift; path = THTableViewCell.swift; sourceTree = "<group>"; };
		01E677C720B5E97B004089CB /* THDetailViewModel.swift */ = {isa = PBXFileReference; lastKnownFileType = sourcecode.swift; path = THDetailViewModel.swift; sourceTree = "<group>"; };
		16E116ADE2F97F8CDE658F7A /* Pods-ThanosUITests.debug.xcconfig */ = {isa = PBXFileReference; includeInIndex = 1; lastKnownFileType = text.xcconfig; name = "Pods-ThanosUITests.debug.xcconfig"; path = "Pods/Target Support Files/Pods-ThanosUITests/Pods-ThanosUITests.debug.xcconfig"; sourceTree = "<group>"; };
		3CECEA75FFF9966DCAC09891 /* Pods-ThanosUITests.release.xcconfig */ = {isa = PBXFileReference; includeInIndex = 1; lastKnownFileType = text.xcconfig; name = "Pods-ThanosUITests.release.xcconfig"; path = "Pods/Target Support Files/Pods-ThanosUITests/Pods-ThanosUITests.release.xcconfig"; sourceTree = "<group>"; };
		52197C6AD7A91FBD6AD1926A /* Pods_ThanosUITests.framework */ = {isa = PBXFileReference; explicitFileType = wrapper.framework; includeInIndex = 0; path = Pods_ThanosUITests.framework; sourceTree = BUILT_PRODUCTS_DIR; };
		5DF04F9BF62530F803D77657 /* Pods_Thanos.framework */ = {isa = PBXFileReference; explicitFileType = wrapper.framework; includeInIndex = 0; path = Pods_Thanos.framework; sourceTree = BUILT_PRODUCTS_DIR; };
		792810F8BEAFD90D46132D2D /* Pods-Thanos.release.xcconfig */ = {isa = PBXFileReference; includeInIndex = 1; lastKnownFileType = text.xcconfig; name = "Pods-Thanos.release.xcconfig"; path = "Pods/Target Support Files/Pods-Thanos/Pods-Thanos.release.xcconfig"; sourceTree = "<group>"; };
		8E197E81E055A2B1E5A17568 /* Pods_ThanosTests.framework */ = {isa = PBXFileReference; explicitFileType = wrapper.framework; includeInIndex = 0; path = Pods_ThanosTests.framework; sourceTree = BUILT_PRODUCTS_DIR; };
		BF53B97BBD26B549F930DB13 /* Pods-ThanosTests.debug.xcconfig */ = {isa = PBXFileReference; includeInIndex = 1; lastKnownFileType = text.xcconfig; name = "Pods-ThanosTests.debug.xcconfig"; path = "Pods/Target Support Files/Pods-ThanosTests/Pods-ThanosTests.debug.xcconfig"; sourceTree = "<group>"; };
		C86A3E5A63F06176DC604AFF /* Pods-ThanosTests.release.xcconfig */ = {isa = PBXFileReference; includeInIndex = 1; lastKnownFileType = text.xcconfig; name = "Pods-ThanosTests.release.xcconfig"; path = "Pods/Target Support Files/Pods-ThanosTests/Pods-ThanosTests.release.xcconfig"; sourceTree = "<group>"; };
		F426712F5F756A20DE55316E /* Pods-Thanos.debug.xcconfig */ = {isa = PBXFileReference; includeInIndex = 1; lastKnownFileType = text.xcconfig; name = "Pods-Thanos.debug.xcconfig"; path = "Pods/Target Support Files/Pods-Thanos/Pods-Thanos.debug.xcconfig"; sourceTree = "<group>"; };
/* End PBXFileReference section */

/* Begin PBXFrameworksBuildPhase section */
		011801C120B4B459004E4632 /* Frameworks */ = {
			isa = PBXFrameworksBuildPhase;
			buildActionMask = 2147483647;
			files = (
				7528EDD4885D3673FEB5A7D7 /* Pods_Thanos.framework in Frameworks */,
			);
			runOnlyForDeploymentPostprocessing = 0;
		};
		011801D520B4B45B004E4632 /* Frameworks */ = {
			isa = PBXFrameworksBuildPhase;
			buildActionMask = 2147483647;
			files = (
				2AD80B1F91A37D76CA58120C /* Pods_ThanosTests.framework in Frameworks */,
			);
			runOnlyForDeploymentPostprocessing = 0;
		};
		011801E020B4B45B004E4632 /* Frameworks */ = {
			isa = PBXFrameworksBuildPhase;
			buildActionMask = 2147483647;
			files = (
				BDD16DA99E7766204F00BF5B /* Pods_ThanosUITests.framework in Frameworks */,
			);
			runOnlyForDeploymentPostprocessing = 0;
		};
/* End PBXFrameworksBuildPhase section */

/* Begin PBXGroup section */
		011801BB20B4B459004E4632 = {
			isa = PBXGroup;
			children = (
				33C32D7E0816E6E1D9E3B73D /* Frameworks */,
				957C1BCEE58B02FEB4ADF9E6 /* Pods */,
				011801C520B4B459004E4632 /* Products */,
				011801C620B4B459004E4632 /* Thanos */,
				011801DB20B4B45B004E4632 /* ThanosTests */,
				011801E620B4B45B004E4632 /* ThanosUITests */,
			);
			sourceTree = "<group>";
		};
		011801C520B4B459004E4632 /* Products */ = {
			isa = PBXGroup;
			children = (
				011801C420B4B459004E4632 /* Thanos.app */,
				011801D820B4B45B004E4632 /* ThanosTests.xctest */,
				011801E320B4B45B004E4632 /* ThanosUITests.xctest */,
			);
			name = Products;
			sourceTree = "<group>";
		};
		011801C620B4B459004E4632 /* Thanos */ = {
			isa = PBXGroup;
			children = (
				01E677BC20B52B46004089CB /* Extension */,
				011801F720B4B6D1004E4632 /* Controller */,
				011801F620B4B6C7004E4632 /* Model */,
				01E6779C20B4BE8B004089CB /* Network */,
				011801F520B4B67E004E4632 /* Supporting Files */,
				011801F820B4B6DB004E4632 /* View */,
				011801F920B4B6E0004E4632 /* ViewModel */,
			);
			path = Thanos;
			sourceTree = "<group>";
		};
		011801DB20B4B45B004E4632 /* ThanosTests */ = {
			isa = PBXGroup;
			children = (
				011801DC20B4B45B004E4632 /* ThanosTests.swift */,
				011801DE20B4B45B004E4632 /* Info.plist */,
			);
			path = ThanosTests;
			sourceTree = "<group>";
		};
		011801E620B4B45B004E4632 /* ThanosUITests */ = {
			isa = PBXGroup;
			children = (
				011801E720B4B45B004E4632 /* ThanosUITests.swift */,
				011801E920B4B45B004E4632 /* Info.plist */,
			);
			path = ThanosUITests;
			sourceTree = "<group>";
		};
		011801F520B4B67E004E4632 /* Supporting Files */ = {
			isa = PBXGroup;
			children = (
				011801C720B4B459004E4632 /* AppDelegate.swift */,
				011801CE20B4B45B004E4632 /* Assets.xcassets */,
				011801D320B4B45B004E4632 /* Info.plist */,
				011801D020B4B45B004E4632 /* LaunchScreen.storyboard */,
			);
			name = "Supporting Files";
			sourceTree = "<group>";
		};
		011801F620B4B6C7004E4632 /* Model */ = {
			isa = PBXGroup;
			children = (
				01E677A720B4E917004089CB /* THResponse.swift */,
			);
			path = Model;
			sourceTree = "<group>";
		};
		011801F720B4B6D1004E4632 /* Controller */ = {
			isa = PBXGroup;
			children = (
				01E677BF20B5DF1A004089CB /* THCollectionViewController.swift */,
				01E677C120B5E019004089CB /* THDetailViewController.swift */,
				01E677A320B4E2BF004089CB /* THHomeViewController.swift */,
				01E677C320B5E79A004089CB /* THTableViewController.swift */,
			);
			path = Controller;
			sourceTree = "<group>";
		};
		011801F820B4B6DB004E4632 /* View */ = {
			isa = PBXGroup;
			children = (
				01E677B320B51F85004089CB /* Cell */,
				01E677AF20B51EAF004089CB /* FlowLayout */,
				01E677B020B51EBE004089CB /* Storyboards */,
				01E677B620B5203C004089CB /* Xib */,
			);
			path = View;
			sourceTree = "<group>";
		};
		011801F920B4B6E0004E4632 /* ViewModel */ = {
			isa = PBXGroup;
			children = (
				01E677C720B5E97B004089CB /* THDetailViewModel.swift */,
				01E677A520B4E3FA004089CB /* THHomeViewModel.swift */,
			);
			path = ViewModel;
			sourceTree = "<group>";
		};
		01E6779C20B4BE8B004089CB /* Network */ = {
			isa = PBXGroup;
			children = (
				01E6779D20B4BFDE004089CB /* THMarvelAPI.swift */,
			);
			path = Network;
			sourceTree = "<group>";
		};
		01E677AF20B51EAF004089CB /* FlowLayout */ = {
			isa = PBXGroup;
			children = (
				01E677B120B51F27004089CB /* THCollectionFlowLayout.swift */,
			);
			path = FlowLayout;
			sourceTree = "<group>";
		};
		01E677B020B51EBE004089CB /* Storyboards */ = {
			isa = PBXGroup;
			children = (
				011801CB20B4B459004E4632 /* Main.storyboard */,
			);
			path = Storyboards;
			sourceTree = "<group>";
		};
		01E677B320B51F85004089CB /* Cell */ = {
			isa = PBXGroup;
			children = (
				01E677B420B51FF4004089CB /* THCollectionViewCell.swift */,
				01E677C520B5E843004089CB /* THTableViewCell.swift */,
			);
			path = Cell;
			sourceTree = "<group>";
		};
		01E677B620B5203C004089CB /* Xib */ = {
			isa = PBXGroup;
			children = (
				01E677B720B52095004089CB /* THCustomView.swift */,
				01E677B920B520A3004089CB /* THCustomView.xib */,
			);
			path = Xib;
			sourceTree = "<group>";
		};
		01E677BC20B52B46004089CB /* Extension */ = {
			isa = PBXGroup;
			children = (
				01E677BD20B52B5D004089CB /* UIView+Extensions.swift */,
			);
			path = Extension;
			sourceTree = "<group>";
		};
		33C32D7E0816E6E1D9E3B73D /* Frameworks */ = {
			isa = PBXGroup;
			children = (
				5DF04F9BF62530F803D77657 /* Pods_Thanos.framework */,
				8E197E81E055A2B1E5A17568 /* Pods_ThanosTests.framework */,
				52197C6AD7A91FBD6AD1926A /* Pods_ThanosUITests.framework */,
			);
			name = Frameworks;
			sourceTree = "<group>";
		};
		957C1BCEE58B02FEB4ADF9E6 /* Pods */ = {
			isa = PBXGroup;
			children = (
				F426712F5F756A20DE55316E /* Pods-Thanos.debug.xcconfig */,
				792810F8BEAFD90D46132D2D /* Pods-Thanos.release.xcconfig */,
				BF53B97BBD26B549F930DB13 /* Pods-ThanosTests.debug.xcconfig */,
				C86A3E5A63F06176DC604AFF /* Pods-ThanosTests.release.xcconfig */,
				16E116ADE2F97F8CDE658F7A /* Pods-ThanosUITests.debug.xcconfig */,
				3CECEA75FFF9966DCAC09891 /* Pods-ThanosUITests.release.xcconfig */,
			);
			name = Pods;
			sourceTree = "<group>";
		};
/* End PBXGroup section */

/* Begin PBXNativeTarget section */
		011801C320B4B459004E4632 /* Thanos */ = {
			isa = PBXNativeTarget;
			buildConfigurationList = 011801EC20B4B45B004E4632 /* Build configuration list for PBXNativeTarget "Thanos" */;
			buildPhases = (
				9E9D675DF28A46BFB3F964C0 /* [CP] Check Pods Manifest.lock */,
				011801C020B4B459004E4632 /* Sources */,
				011801C120B4B459004E4632 /* Frameworks */,
				011801C220B4B459004E4632 /* Resources */,
				F2D3F1F2210076E8722BB3B1 /* [CP] Embed Pods Frameworks */,
			);
			buildRules = (
			);
			dependencies = (
			);
			name = Thanos;
			productName = Thanos;
			productReference = 011801C420B4B459004E4632 /* Thanos.app */;
			productType = "com.apple.product-type.application";
		};
		011801D720B4B45B004E4632 /* ThanosTests */ = {
			isa = PBXNativeTarget;
			buildConfigurationList = 011801EF20B4B45B004E4632 /* Build configuration list for PBXNativeTarget "ThanosTests" */;
			buildPhases = (
				F865270D7BF0BC02EC677AEB /* [CP] Check Pods Manifest.lock */,
				011801D420B4B45B004E4632 /* Sources */,
				011801D520B4B45B004E4632 /* Frameworks */,
				011801D620B4B45B004E4632 /* Resources */,
			);
			buildRules = (
			);
			dependencies = (
				011801DA20B4B45B004E4632 /* PBXTargetDependency */,
			);
			name = ThanosTests;
			productName = ThanosTests;
			productReference = 011801D820B4B45B004E4632 /* ThanosTests.xctest */;
			productType = "com.apple.product-type.bundle.unit-test";
		};
		011801E220B4B45B004E4632 /* ThanosUITests */ = {
			isa = PBXNativeTarget;
			buildConfigurationList = 011801F220B4B45B004E4632 /* Build configuration list for PBXNativeTarget "ThanosUITests" */;
			buildPhases = (
				3F0802BD42E3F9AC11F19DD0 /* [CP] Check Pods Manifest.lock */,
				011801DF20B4B45B004E4632 /* Sources */,
				011801E020B4B45B004E4632 /* Frameworks */,
				011801E120B4B45B004E4632 /* Resources */,
			);
			buildRules = (
			);
			dependencies = (
				011801E520B4B45B004E4632 /* PBXTargetDependency */,
			);
			name = ThanosUITests;
			productName = ThanosUITests;
			productReference = 011801E320B4B45B004E4632 /* ThanosUITests.xctest */;
			productType = "com.apple.product-type.bundle.ui-testing";
		};
/* End PBXNativeTarget section */

/* Begin PBXProject section */
		011801BC20B4B459004E4632 /* Project object */ = {
			isa = PBXProject;
			attributes = {
				CLASSPREFIX = TH;
				LastSwiftUpdateCheck = 0930;
				LastUpgradeCheck = 0930;
				ORGANIZATIONNAME = "Richard Frank";
				TargetAttributes = {
					011801C320B4B459004E4632 = {
						CreatedOnToolsVersion = 9.3.1;
					};
					011801D720B4B45B004E4632 = {
						CreatedOnToolsVersion = 9.3.1;
						TestTargetID = 011801C320B4B459004E4632;
					};
					011801E220B4B45B004E4632 = {
						CreatedOnToolsVersion = 9.3.1;
						TestTargetID = 011801C320B4B459004E4632;
					};
				};
			};
			buildConfigurationList = 011801BF20B4B459004E4632 /* Build configuration list for PBXProject "Thanos" */;
			compatibilityVersion = "Xcode 9.3";
			developmentRegion = en;
			hasScannedForEncodings = 0;
			knownRegions = (
				en,
				Base,
			);
			mainGroup = 011801BB20B4B459004E4632;
			productRefGroup = 011801C520B4B459004E4632 /* Products */;
			projectDirPath = "";
			projectRoot = "";
			targets = (
				011801C320B4B459004E4632 /* Thanos */,
				011801D720B4B45B004E4632 /* ThanosTests */,
				011801E220B4B45B004E4632 /* ThanosUITests */,
			);
		};
/* End PBXProject section */

/* Begin PBXResourcesBuildPhase section */
		011801C220B4B459004E4632 /* Resources */ = {
			isa = PBXResourcesBuildPhase;
			buildActionMask = 2147483647;
			files = (
				011801D220B4B45B004E4632 /* LaunchScreen.storyboard in Resources */,
				011801CF20B4B45B004E4632 /* Assets.xcassets in Resources */,
				011801CD20B4B459004E4632 /* Main.storyboard in Resources */,
				01E677BA20B520A3004089CB /* THCustomView.xib in Resources */,
			);
			runOnlyForDeploymentPostprocessing = 0;
		};
		011801D620B4B45B004E4632 /* Resources */ = {
			isa = PBXResourcesBuildPhase;
			buildActionMask = 2147483647;
			files = (
			);
			runOnlyForDeploymentPostprocessing = 0;
		};
		011801E120B4B45B004E4632 /* Resources */ = {
			isa = PBXResourcesBuildPhase;
			buildActionMask = 2147483647;
			files = (
			);
			runOnlyForDeploymentPostprocessing = 0;
		};
/* End PBXResourcesBuildPhase section */

/* Begin PBXShellScriptBuildPhase section */
		3F0802BD42E3F9AC11F19DD0 /* [CP] Check Pods Manifest.lock */ = {
			isa = PBXShellScriptBuildPhase;
			buildActionMask = 2147483647;
			files = (
			);
			inputPaths = (
				"${PODS_PODFILE_DIR_PATH}/Podfile.lock",
				"${PODS_ROOT}/Manifest.lock",
			);
			name = "[CP] Check Pods Manifest.lock";
			outputPaths = (
				"$(DERIVED_FILE_DIR)/Pods-ThanosUITests-checkManifestLockResult.txt",
			);
			runOnlyForDeploymentPostprocessing = 0;
			shellPath = /bin/sh;
			shellScript = "diff \"${PODS_PODFILE_DIR_PATH}/Podfile.lock\" \"${PODS_ROOT}/Manifest.lock\" > /dev/null\nif [ $? != 0 ] ; then\n    # print error to STDERR\n    echo \"error: The sandbox is not in sync with the Podfile.lock. Run 'pod install' or update your CocoaPods installation.\" >&2\n    exit 1\nfi\n# This output is used by Xcode 'outputs' to avoid re-running this script phase.\necho \"SUCCESS\" > \"${SCRIPT_OUTPUT_FILE_0}\"\n";
			showEnvVarsInLog = 0;
		};
		9E9D675DF28A46BFB3F964C0 /* [CP] Check Pods Manifest.lock */ = {
			isa = PBXShellScriptBuildPhase;
			buildActionMask = 2147483647;
			files = (
			);
			inputPaths = (
				"${PODS_PODFILE_DIR_PATH}/Podfile.lock",
				"${PODS_ROOT}/Manifest.lock",
			);
			name = "[CP] Check Pods Manifest.lock";
			outputPaths = (
				"$(DERIVED_FILE_DIR)/Pods-Thanos-checkManifestLockResult.txt",
			);
			runOnlyForDeploymentPostprocessing = 0;
			shellPath = /bin/sh;
			shellScript = "diff \"${PODS_PODFILE_DIR_PATH}/Podfile.lock\" \"${PODS_ROOT}/Manifest.lock\" > /dev/null\nif [ $? != 0 ] ; then\n    # print error to STDERR\n    echo \"error: The sandbox is not in sync with the Podfile.lock. Run 'pod install' or update your CocoaPods installation.\" >&2\n    exit 1\nfi\n# This output is used by Xcode 'outputs' to avoid re-running this script phase.\necho \"SUCCESS\" > \"${SCRIPT_OUTPUT_FILE_0}\"\n";
			showEnvVarsInLog = 0;
		};
		F2D3F1F2210076E8722BB3B1 /* [CP] Embed Pods Frameworks */ = {
			isa = PBXShellScriptBuildPhase;
			buildActionMask = 2147483647;
			files = (
			);
			inputPaths = (
				"${SRCROOT}/Pods/Target Support Files/Pods-Thanos/Pods-Thanos-frameworks.sh",
				"${BUILT_PRODUCTS_DIR}/Alamofire/Alamofire.framework",
				"${BUILT_PRODUCTS_DIR}/CryptoSwift/CryptoSwift.framework",
				"${BUILT_PRODUCTS_DIR}/Hero/Hero.framework",
				"${BUILT_PRODUCTS_DIR}/Kingfisher/Kingfisher.framework",
				"${BUILT_PRODUCTS_DIR}/Moya/Moya.framework",
				"${BUILT_PRODUCTS_DIR}/Result/Result.framework",
				"${BUILT_PRODUCTS_DIR}/RxCocoa/RxCocoa.framework",
				"${BUILT_PRODUCTS_DIR}/RxKingfisher/RxKingfisher.framework",
				"${BUILT_PRODUCTS_DIR}/RxSwift/RxSwift.framework",
			);
			name = "[CP] Embed Pods Frameworks";
			outputPaths = (
				"${TARGET_BUILD_DIR}/${FRAMEWORKS_FOLDER_PATH}/Alamofire.framework",
				"${TARGET_BUILD_DIR}/${FRAMEWORKS_FOLDER_PATH}/CryptoSwift.framework",
				"${TARGET_BUILD_DIR}/${FRAMEWORKS_FOLDER_PATH}/Hero.framework",
				"${TARGET_BUILD_DIR}/${FRAMEWORKS_FOLDER_PATH}/Kingfisher.framework",
				"${TARGET_BUILD_DIR}/${FRAMEWORKS_FOLDER_PATH}/Moya.framework",
				"${TARGET_BUILD_DIR}/${FRAMEWORKS_FOLDER_PATH}/Result.framework",
				"${TARGET_BUILD_DIR}/${FRAMEWORKS_FOLDER_PATH}/RxCocoa.framework",
				"${TARGET_BUILD_DIR}/${FRAMEWORKS_FOLDER_PATH}/RxKingfisher.framework",
				"${TARGET_BUILD_DIR}/${FRAMEWORKS_FOLDER_PATH}/RxSwift.framework",
			);
			runOnlyForDeploymentPostprocessing = 0;
			shellPath = /bin/sh;
			shellScript = "\"${SRCROOT}/Pods/Target Support Files/Pods-Thanos/Pods-Thanos-frameworks.sh\"\n";
			showEnvVarsInLog = 0;
		};
		F865270D7BF0BC02EC677AEB /* [CP] Check Pods Manifest.lock */ = {
			isa = PBXShellScriptBuildPhase;
			buildActionMask = 2147483647;
			files = (
			);
			inputPaths = (
				"${PODS_PODFILE_DIR_PATH}/Podfile.lock",
				"${PODS_ROOT}/Manifest.lock",
			);
			name = "[CP] Check Pods Manifest.lock";
			outputPaths = (
				"$(DERIVED_FILE_DIR)/Pods-ThanosTests-checkManifestLockResult.txt",
			);
			runOnlyForDeploymentPostprocessing = 0;
			shellPath = /bin/sh;
			shellScript = "diff \"${PODS_PODFILE_DIR_PATH}/Podfile.lock\" \"${PODS_ROOT}/Manifest.lock\" > /dev/null\nif [ $? != 0 ] ; then\n    # print error to STDERR\n    echo \"error: The sandbox is not in sync with the Podfile.lock. Run 'pod install' or update your CocoaPods installation.\" >&2\n    exit 1\nfi\n# This output is used by Xcode 'outputs' to avoid re-running this script phase.\necho \"SUCCESS\" > \"${SCRIPT_OUTPUT_FILE_0}\"\n";
			showEnvVarsInLog = 0;
		};
/* End PBXShellScriptBuildPhase section */

/* Begin PBXSourcesBuildPhase section */
		011801C020B4B459004E4632 /* Sources */ = {
			isa = PBXSourcesBuildPhase;
			buildActionMask = 2147483647;
			files = (
				01E677C220B5E019004089CB /* THDetailViewController.swift in Sources */,
				01E677A420B4E2BF004089CB /* THHomeViewController.swift in Sources */,
				01E677BE20B52B5D004089CB /* UIView+Extensions.swift in Sources */,
				01E677C620B5E843004089CB /* THTableViewCell.swift in Sources */,
				01E677B820B52095004089CB /* THCustomView.swift in Sources */,
				01E6779E20B4BFDE004089CB /* THMarvelAPI.swift in Sources */,
				01E677C420B5E79A004089CB /* THTableViewController.swift in Sources */,
				01E677C020B5DF1A004089CB /* THCollectionViewController.swift in Sources */,
				01E677A620B4E3FA004089CB /* THHomeViewModel.swift in Sources */,
				01E677A820B4E917004089CB /* THResponse.swift in Sources */,
				01E677B220B51F27004089CB /* THCollectionFlowLayout.swift in Sources */,
				01E677C820B5E97B004089CB /* THDetailViewModel.swift in Sources */,
				01E677B520B51FF4004089CB /* THCollectionViewCell.swift in Sources */,
				011801C820B4B459004E4632 /* AppDelegate.swift in Sources */,
			);
			runOnlyForDeploymentPostprocessing = 0;
		};
		011801D420B4B45B004E4632 /* Sources */ = {
			isa = PBXSourcesBuildPhase;
			buildActionMask = 2147483647;
			files = (
				011801DD20B4B45B004E4632 /* ThanosTests.swift in Sources */,
			);
			runOnlyForDeploymentPostprocessing = 0;
		};
		011801DF20B4B45B004E4632 /* Sources */ = {
			isa = PBXSourcesBuildPhase;
			buildActionMask = 2147483647;
			files = (
				011801E820B4B45B004E4632 /* ThanosUITests.swift in Sources */,
			);
			runOnlyForDeploymentPostprocessing = 0;
		};
/* End PBXSourcesBuildPhase section */

/* Begin PBXTargetDependency section */
		011801DA20B4B45B004E4632 /* PBXTargetDependency */ = {
			isa = PBXTargetDependency;
			target = 011801C320B4B459004E4632 /* Thanos */;
			targetProxy = 011801D920B4B45B004E4632 /* PBXContainerItemProxy */;
		};
		011801E520B4B45B004E4632 /* PBXTargetDependency */ = {
			isa = PBXTargetDependency;
			target = 011801C320B4B459004E4632 /* Thanos */;
			targetProxy = 011801E420B4B45B004E4632 /* PBXContainerItemProxy */;
		};
/* End PBXTargetDependency section */

/* Begin PBXVariantGroup section */
		011801CB20B4B459004E4632 /* Main.storyboard */ = {
			isa = PBXVariantGroup;
			children = (
				011801CC20B4B459004E4632 /* Base */,
			);
			name = Main.storyboard;
			sourceTree = "<group>";
		};
		011801D020B4B45B004E4632 /* LaunchScreen.storyboard */ = {
			isa = PBXVariantGroup;
			children = (
				011801D120B4B45B004E4632 /* Base */,
			);
			name = LaunchScreen.storyboard;
			sourceTree = "<group>";
		};
/* End PBXVariantGroup section */

/* Begin XCBuildConfiguration section */
		011801EA20B4B45B004E4632 /* Debug */ = {
			isa = XCBuildConfiguration;
			buildSettings = {
				ALWAYS_SEARCH_USER_PATHS = NO;
				CLANG_ANALYZER_NONNULL = YES;
				CLANG_ANALYZER_NUMBER_OBJECT_CONVERSION = YES_AGGRESSIVE;
				CLANG_CXX_LANGUAGE_STANDARD = "gnu++14";
				CLANG_CXX_LIBRARY = "libc++";
				CLANG_ENABLE_MODULES = YES;
				CLANG_ENABLE_OBJC_ARC = YES;
				CLANG_ENABLE_OBJC_WEAK = YES;
				CLANG_WARN_BLOCK_CAPTURE_AUTORELEASING = YES;
				CLANG_WARN_BOOL_CONVERSION = YES;
				CLANG_WARN_COMMA = YES;
				CLANG_WARN_CONSTANT_CONVERSION = YES;
				CLANG_WARN_DEPRECATED_OBJC_IMPLEMENTATIONS = YES;
				CLANG_WARN_DIRECT_OBJC_ISA_USAGE = YES_ERROR;
				CLANG_WARN_DOCUMENTATION_COMMENTS = YES;
				CLANG_WARN_EMPTY_BODY = YES;
				CLANG_WARN_ENUM_CONVERSION = YES;
				CLANG_WARN_INFINITE_RECURSION = YES;
				CLANG_WARN_INT_CONVERSION = YES;
				CLANG_WARN_NON_LITERAL_NULL_CONVERSION = YES;
				CLANG_WARN_OBJC_IMPLICIT_RETAIN_SELF = YES;
				CLANG_WARN_OBJC_LITERAL_CONVERSION = YES;
				CLANG_WARN_OBJC_ROOT_CLASS = YES_ERROR;
				CLANG_WARN_RANGE_LOOP_ANALYSIS = YES;
				CLANG_WARN_STRICT_PROTOTYPES = YES;
				CLANG_WARN_SUSPICIOUS_MOVE = YES;
				CLANG_WARN_UNGUARDED_AVAILABILITY = YES_AGGRESSIVE;
				CLANG_WARN_UNREACHABLE_CODE = YES;
				CLANG_WARN__DUPLICATE_METHOD_MATCH = YES;
				CODE_SIGN_IDENTITY = "iPhone Developer";
				COPY_PHASE_STRIP = NO;
				DEBUG_INFORMATION_FORMAT = dwarf;
				ENABLE_STRICT_OBJC_MSGSEND = YES;
				ENABLE_TESTABILITY = YES;
				GCC_C_LANGUAGE_STANDARD = gnu11;
				GCC_DYNAMIC_NO_PIC = NO;
				GCC_NO_COMMON_BLOCKS = YES;
				GCC_OPTIMIZATION_LEVEL = 0;
				GCC_PREPROCESSOR_DEFINITIONS = (
					"DEBUG=1",
					"$(inherited)",
				);
				GCC_WARN_64_TO_32_BIT_CONVERSION = YES;
				GCC_WARN_ABOUT_RETURN_TYPE = YES_ERROR;
				GCC_WARN_UNDECLARED_SELECTOR = YES;
				GCC_WARN_UNINITIALIZED_AUTOS = YES_AGGRESSIVE;
				GCC_WARN_UNUSED_FUNCTION = YES;
				GCC_WARN_UNUSED_VARIABLE = YES;
				IPHONEOS_DEPLOYMENT_TARGET = 11.3;
				MTL_ENABLE_DEBUG_INFO = YES;
				ONLY_ACTIVE_ARCH = YES;
				SDKROOT = iphoneos;
				SWIFT_ACTIVE_COMPILATION_CONDITIONS = DEBUG;
				SWIFT_OPTIMIZATION_LEVEL = "-Onone";
			};
			name = Debug;
		};
		011801EB20B4B45B004E4632 /* Release */ = {
			isa = XCBuildConfiguration;
			buildSettings = {
				ALWAYS_SEARCH_USER_PATHS = NO;
				CLANG_ANALYZER_NONNULL = YES;
				CLANG_ANALYZER_NUMBER_OBJECT_CONVERSION = YES_AGGRESSIVE;
				CLANG_CXX_LANGUAGE_STANDARD = "gnu++14";
				CLANG_CXX_LIBRARY = "libc++";
				CLANG_ENABLE_MODULES = YES;
				CLANG_ENABLE_OBJC_ARC = YES;
				CLANG_ENABLE_OBJC_WEAK = YES;
				CLANG_WARN_BLOCK_CAPTURE_AUTORELEASING = YES;
				CLANG_WARN_BOOL_CONVERSION = YES;
				CLANG_WARN_COMMA = YES;
				CLANG_WARN_CONSTANT_CONVERSION = YES;
				CLANG_WARN_DEPRECATED_OBJC_IMPLEMENTATIONS = YES;
				CLANG_WARN_DIRECT_OBJC_ISA_USAGE = YES_ERROR;
				CLANG_WARN_DOCUMENTATION_COMMENTS = YES;
				CLANG_WARN_EMPTY_BODY = YES;
				CLANG_WARN_ENUM_CONVERSION = YES;
				CLANG_WARN_INFINITE_RECURSION = YES;
				CLANG_WARN_INT_CONVERSION = YES;
				CLANG_WARN_NON_LITERAL_NULL_CONVERSION = YES;
				CLANG_WARN_OBJC_IMPLICIT_RETAIN_SELF = YES;
				CLANG_WARN_OBJC_LITERAL_CONVERSION = YES;
				CLANG_WARN_OBJC_ROOT_CLASS = YES_ERROR;
				CLANG_WARN_RANGE_LOOP_ANALYSIS = YES;
				CLANG_WARN_STRICT_PROTOTYPES = YES;
				CLANG_WARN_SUSPICIOUS_MOVE = YES;
				CLANG_WARN_UNGUARDED_AVAILABILITY = YES_AGGRESSIVE;
				CLANG_WARN_UNREACHABLE_CODE = YES;
				CLANG_WARN__DUPLICATE_METHOD_MATCH = YES;
				CODE_SIGN_IDENTITY = "iPhone Developer";
				COPY_PHASE_STRIP = NO;
				DEBUG_INFORMATION_FORMAT = "dwarf-with-dsym";
				ENABLE_NS_ASSERTIONS = NO;
				ENABLE_STRICT_OBJC_MSGSEND = YES;
				GCC_C_LANGUAGE_STANDARD = gnu11;
				GCC_NO_COMMON_BLOCKS = YES;
				GCC_WARN_64_TO_32_BIT_CONVERSION = YES;
				GCC_WARN_ABOUT_RETURN_TYPE = YES_ERROR;
				GCC_WARN_UNDECLARED_SELECTOR = YES;
				GCC_WARN_UNINITIALIZED_AUTOS = YES_AGGRESSIVE;
				GCC_WARN_UNUSED_FUNCTION = YES;
				GCC_WARN_UNUSED_VARIABLE = YES;
				IPHONEOS_DEPLOYMENT_TARGET = 11.3;
				MTL_ENABLE_DEBUG_INFO = NO;
				SDKROOT = iphoneos;
				SWIFT_COMPILATION_MODE = wholemodule;
				SWIFT_OPTIMIZATION_LEVEL = "-O";
				VALIDATE_PRODUCT = YES;
			};
			name = Release;
		};
		011801ED20B4B45B004E4632 /* Debug */ = {
			isa = XCBuildConfiguration;
			baseConfigurationReference = F426712F5F756A20DE55316E /* Pods-Thanos.debug.xcconfig */;
			buildSettings = {
				ASSETCATALOG_COMPILER_APPICON_NAME = AppIcon;
				CODE_SIGN_STYLE = Automatic;
				DEVELOPMENT_TEAM = FHWP9WUJMV;
				INFOPLIST_FILE = Thanos/Info.plist;
				LD_RUNPATH_SEARCH_PATHS = (
					"$(inherited)",
					"@executable_path/Frameworks",
				);
				PRODUCT_BUNDLE_IDENTIFIER = com.richardfrk.Thanos;
				PRODUCT_NAME = "$(TARGET_NAME)";
				SWIFT_VERSION = 4.0;
				TARGETED_DEVICE_FAMILY = "1,2";
			};
			name = Debug;
		};
		011801EE20B4B45B004E4632 /* Release */ = {
			isa = XCBuildConfiguration;
			baseConfigurationReference = 792810F8BEAFD90D46132D2D /* Pods-Thanos.release.xcconfig */;
			buildSettings = {
				ASSETCATALOG_COMPILER_APPICON_NAME = AppIcon;
				CODE_SIGN_STYLE = Automatic;
				DEVELOPMENT_TEAM = FHWP9WUJMV;
				INFOPLIST_FILE = Thanos/Info.plist;
				LD_RUNPATH_SEARCH_PATHS = (
					"$(inherited)",
					"@executable_path/Frameworks",
				);
				PRODUCT_BUNDLE_IDENTIFIER = com.richardfrk.Thanos;
				PRODUCT_NAME = "$(TARGET_NAME)";
				SWIFT_VERSION = 4.0;
				TARGETED_DEVICE_FAMILY = "1,2";
			};
			name = Release;
		};
		011801F020B4B45B004E4632 /* Debug */ = {
			isa = XCBuildConfiguration;
			baseConfigurationReference = BF53B97BBD26B549F930DB13 /* Pods-ThanosTests.debug.xcconfig */;
			buildSettings = {
				ALWAYS_EMBED_SWIFT_STANDARD_LIBRARIES = YES;
				BUNDLE_LOADER = "$(TEST_HOST)";
				CODE_SIGN_STYLE = Automatic;
				DEVELOPMENT_TEAM = FHWP9WUJMV;
				INFOPLIST_FILE = ThanosTests/Info.plist;
				LD_RUNPATH_SEARCH_PATHS = (
					"$(inherited)",
					"@executable_path/Frameworks",
					"@loader_path/Frameworks",
				);
				PRODUCT_BUNDLE_IDENTIFIER = com.richardfrk.ThanosTests;
				PRODUCT_NAME = "$(TARGET_NAME)";
				SWIFT_VERSION = 4.0;
				TARGETED_DEVICE_FAMILY = "1,2";
				TEST_HOST = "$(BUILT_PRODUCTS_DIR)/Thanos.app/Thanos";
			};
			name = Debug;
		};
		011801F120B4B45B004E4632 /* Release */ = {
			isa = XCBuildConfiguration;
			baseConfigurationReference = C86A3E5A63F06176DC604AFF /* Pods-ThanosTests.release.xcconfig */;
			buildSettings = {
				ALWAYS_EMBED_SWIFT_STANDARD_LIBRARIES = YES;
				BUNDLE_LOADER = "$(TEST_HOST)";
				CODE_SIGN_STYLE = Automatic;
				DEVELOPMENT_TEAM = FHWP9WUJMV;
				INFOPLIST_FILE = ThanosTests/Info.plist;
				LD_RUNPATH_SEARCH_PATHS = (
					"$(inherited)",
					"@executable_path/Frameworks",
					"@loader_path/Frameworks",
				);
				PRODUCT_BUNDLE_IDENTIFIER = com.richardfrk.ThanosTests;
				PRODUCT_NAME = "$(TARGET_NAME)";
				SWIFT_VERSION = 4.0;
				TARGETED_DEVICE_FAMILY = "1,2";
				TEST_HOST = "$(BUILT_PRODUCTS_DIR)/Thanos.app/Thanos";
			};
			name = Release;
		};
		011801F320B4B45B004E4632 /* Debug */ = {
			isa = XCBuildConfiguration;
			baseConfigurationReference = 16E116ADE2F97F8CDE658F7A /* Pods-ThanosUITests.debug.xcconfig */;
			buildSettings = {
				ALWAYS_EMBED_SWIFT_STANDARD_LIBRARIES = YES;
				CODE_SIGN_STYLE = Automatic;
				DEVELOPMENT_TEAM = FHWP9WUJMV;
				INFOPLIST_FILE = ThanosUITests/Info.plist;
				LD_RUNPATH_SEARCH_PATHS = (
					"$(inherited)",
					"@executable_path/Frameworks",
					"@loader_path/Frameworks",
				);
				PRODUCT_BUNDLE_IDENTIFIER = com.richardfrk.ThanosUITests;
				PRODUCT_NAME = "$(TARGET_NAME)";
				SWIFT_VERSION = 4.0;
				TARGETED_DEVICE_FAMILY = "1,2";
				TEST_TARGET_NAME = Thanos;
			};
			name = Debug;
		};
		011801F420B4B45B004E4632 /* Release */ = {
			isa = XCBuildConfiguration;
			baseConfigurationReference = 3CECEA75FFF9966DCAC09891 /* Pods-ThanosUITests.release.xcconfig */;
			buildSettings = {
				ALWAYS_EMBED_SWIFT_STANDARD_LIBRARIES = YES;
				CODE_SIGN_STYLE = Automatic;
				DEVELOPMENT_TEAM = FHWP9WUJMV;
				INFOPLIST_FILE = ThanosUITests/Info.plist;
				LD_RUNPATH_SEARCH_PATHS = (
					"$(inherited)",
					"@executable_path/Frameworks",
					"@loader_path/Frameworks",
				);
				PRODUCT_BUNDLE_IDENTIFIER = com.richardfrk.ThanosUITests;
				PRODUCT_NAME = "$(TARGET_NAME)";
				SWIFT_VERSION = 4.0;
				TARGETED_DEVICE_FAMILY = "1,2";
				TEST_TARGET_NAME = Thanos;
			};
			name = Release;
		};
/* End XCBuildConfiguration section */

/* Begin XCConfigurationList section */
		011801BF20B4B459004E4632 /* Build configuration list for PBXProject "Thanos" */ = {
			isa = XCConfigurationList;
			buildConfigurations = (
				011801EA20B4B45B004E4632 /* Debug */,
				011801EB20B4B45B004E4632 /* Release */,
			);
			defaultConfigurationIsVisible = 0;
			defaultConfigurationName = Release;
		};
		011801EC20B4B45B004E4632 /* Build configuration list for PBXNativeTarget "Thanos" */ = {
			isa = XCConfigurationList;
			buildConfigurations = (
				011801ED20B4B45B004E4632 /* Debug */,
				011801EE20B4B45B004E4632 /* Release */,
			);
			defaultConfigurationIsVisible = 0;
			defaultConfigurationName = Release;
		};
		011801EF20B4B45B004E4632 /* Build configuration list for PBXNativeTarget "ThanosTests" */ = {
			isa = XCConfigurationList;
			buildConfigurations = (
				011801F020B4B45B004E4632 /* Debug */,
				011801F120B4B45B004E4632 /* Release */,
			);
			defaultConfigurationIsVisible = 0;
			defaultConfigurationName = Release;
		};
		011801F220B4B45B004E4632 /* Build configuration list for PBXNativeTarget "ThanosUITests" */ = {
			isa = XCConfigurationList;
			buildConfigurations = (
				011801F320B4B45B004E4632 /* Debug */,
				011801F420B4B45B004E4632 /* Release */,
			);
			defaultConfigurationIsVisible = 0;
			defaultConfigurationName = Release;
		};
/* End XCConfigurationList section */
	};
	rootObject = 011801BC20B4B459004E4632 /* Project object */;
}
